
Microsoft Visual Studio Solution File, Format Version 11.00
# Visual Studio 2010
Project("{8BC9CEB8-8B4A-11D0-8D11-00A0C91BC942}") = "Aplication2", "Aplication2\Aplication2.vcxproj", "{94AF6FF6-1750-49D6-ACB0-D4278FDB783B}"
EndProject
Global
	GlobalSection(SolutionConfigurationPlatforms) = preSolution
		Debug|Win32 = Debug|Win32
		Release|Win32 = Release|Win32
	EndGlobalSection
	GlobalSection(ProjectConfigurationPlatforms) = postSolution
		{94AF6FF6-1750-49D6-ACB0-D4278FDB783B}.Debug|Win32.ActiveCfg = Debug|Win32
		{94AF6FF6-1750-49D6-ACB0-D4278FDB783B}.Debug|Win32.Build.0 = Debug|Win32
		{94AF6FF6-1750-49D6-ACB0-D4278FDB783B}.Release|Win32.ActiveCfg = Release|Win32
		{94AF6FF6-1750-49D6-ACB0-D4278FDB783B}.Release|Win32.Build.0 = Release|Win32
	EndGlobalSection
	GlobalSection(SolutionProperties) = preSolution
		HideSolutionNode = FALSE
	EndGlobalSection
EndGlobal
