
Microsoft Visual Studio Solution File, Format Version 11.00
# Visual Studio 2010
Project("{8BC9CEB8-8B4A-11D0-8D11-00A0C91BC942}") = "Money1", "Money1\Money1.vcxproj", "{33D54906-5C49-4064-887D-6346FDAD6739}"
EndProject
Global
	GlobalSection(SolutionConfigurationPlatforms) = preSolution
		Debug|Win32 = Debug|Win32
		Release|Win32 = Release|Win32
	EndGlobalSection
	GlobalSection(ProjectConfigurationPlatforms) = postSolution
		{33D54906-5C49-4064-887D-6346FDAD6739}.Debug|Win32.ActiveCfg = Debug|Win32
		{33D54906-5C49-4064-887D-6346FDAD6739}.Debug|Win32.Build.0 = Debug|Win32
		{33D54906-5C49-4064-887D-6346FDAD6739}.Release|Win32.ActiveCfg = Release|Win32
		{33D54906-5C49-4064-887D-6346FDAD6739}.Release|Win32.Build.0 = Release|Win32
	EndGlobalSection
	GlobalSection(SolutionProperties) = preSolution
		HideSolutionNode = FALSE
	EndGlobalSection
EndGlobal
