
Microsoft Visual Studio Solution File, Format Version 11.00
# Visual Studio 2010
Project("{8BC9CEB8-8B4A-11D0-8D11-00A0C91BC942}") = "Circle_01", "Circle_01\Circle_01.vcxproj", "{AEB00FF6-97FF-49FA-AE8C-E13F998BFC0A}"
EndProject
Global
	GlobalSection(SolutionConfigurationPlatforms) = preSolution
		Debug|Win32 = Debug|Win32
		Release|Win32 = Release|Win32
	EndGlobalSection
	GlobalSection(ProjectConfigurationPlatforms) = postSolution
		{AEB00FF6-97FF-49FA-AE8C-E13F998BFC0A}.Debug|Win32.ActiveCfg = Debug|Win32
		{AEB00FF6-97FF-49FA-AE8C-E13F998BFC0A}.Debug|Win32.Build.0 = Debug|Win32
		{AEB00FF6-97FF-49FA-AE8C-E13F998BFC0A}.Release|Win32.ActiveCfg = Release|Win32
		{AEB00FF6-97FF-49FA-AE8C-E13F998BFC0A}.Release|Win32.Build.0 = Release|Win32
	EndGlobalSection
	GlobalSection(SolutionProperties) = preSolution
		HideSolutionNode = FALSE
	EndGlobalSection
EndGlobal
