
Microsoft Visual Studio Solution File, Format Version 11.00
# Visual Studio 2010
Project("{8BC9CEB8-8B4A-11D0-8D11-00A0C91BC942}") = "view2", "view2\view2.vcxproj", "{A2EF7BAA-B328-48BD-B4A8-9B0CD2908C1D}"
EndProject
Global
	GlobalSection(SolutionConfigurationPlatforms) = preSolution
		Debug|Win32 = Debug|Win32
		Release|Win32 = Release|Win32
	EndGlobalSection
	GlobalSection(ProjectConfigurationPlatforms) = postSolution
		{A2EF7BAA-B328-48BD-B4A8-9B0CD2908C1D}.Debug|Win32.ActiveCfg = Debug|Win32
		{A2EF7BAA-B328-48BD-B4A8-9B0CD2908C1D}.Debug|Win32.Build.0 = Debug|Win32
		{A2EF7BAA-B328-48BD-B4A8-9B0CD2908C1D}.Release|Win32.ActiveCfg = Release|Win32
		{A2EF7BAA-B328-48BD-B4A8-9B0CD2908C1D}.Release|Win32.Build.0 = Release|Win32
	EndGlobalSection
	GlobalSection(SolutionProperties) = preSolution
		HideSolutionNode = FALSE
	EndGlobalSection
EndGlobal
