
Microsoft Visual Studio Solution File, Format Version 11.00
# Visual Studio 2010
Project("{8BC9CEB8-8B4A-11D0-8D11-00A0C91BC942}") = "bib_stl_v2", "bib_stl_v2\bib_stl_v2.vcxproj", "{1D883609-A3A2-4F12-85A0-66E99060145B}"
EndProject
Global
	GlobalSection(SolutionConfigurationPlatforms) = preSolution
		Debug|Win32 = Debug|Win32
		Release|Win32 = Release|Win32
	EndGlobalSection
	GlobalSection(ProjectConfigurationPlatforms) = postSolution
		{1D883609-A3A2-4F12-85A0-66E99060145B}.Debug|Win32.ActiveCfg = Debug|Win32
		{1D883609-A3A2-4F12-85A0-66E99060145B}.Debug|Win32.Build.0 = Debug|Win32
		{1D883609-A3A2-4F12-85A0-66E99060145B}.Release|Win32.ActiveCfg = Release|Win32
		{1D883609-A3A2-4F12-85A0-66E99060145B}.Release|Win32.Build.0 = Release|Win32
	EndGlobalSection
	GlobalSection(SolutionProperties) = preSolution
		HideSolutionNode = FALSE
	EndGlobalSection
EndGlobal
