
Microsoft Visual Studio Solution File, Format Version 11.00
# Visual Studio 2010
Project("{8BC9CEB8-8B4A-11D0-8D11-00A0C91BC942}") = "Dialog", "Dialog\Dialog.vcxproj", "{96B21A7A-68A6-477E-A2B7-655873B2EDC7}"
EndProject
Global
	GlobalSection(SolutionConfigurationPlatforms) = preSolution
		Debug|Win32 = Debug|Win32
		Release|Win32 = Release|Win32
	EndGlobalSection
	GlobalSection(ProjectConfigurationPlatforms) = postSolution
		{96B21A7A-68A6-477E-A2B7-655873B2EDC7}.Debug|Win32.ActiveCfg = Debug|Win32
		{96B21A7A-68A6-477E-A2B7-655873B2EDC7}.Debug|Win32.Build.0 = Debug|Win32
		{96B21A7A-68A6-477E-A2B7-655873B2EDC7}.Release|Win32.ActiveCfg = Release|Win32
		{96B21A7A-68A6-477E-A2B7-655873B2EDC7}.Release|Win32.Build.0 = Release|Win32
	EndGlobalSection
	GlobalSection(SolutionProperties) = preSolution
		HideSolutionNode = FALSE
	EndGlobalSection
EndGlobal
